
Microsoft Visual Studio Solution File, Format Version 12.00
# Visual Studio Version 16
VisualStudioVersion = 16.0.30804.86
MinimumVisualStudioVersion = 10.0.40219.1
Project("{9A19103F-16F7-4668-BE54-9A1E7A4F7556}") = "Bowling", "Bowling\Bowling.csproj", "{7318B942-0DF9-4697-AACA-C438859B2E8E}"
EndProject
Project("{FAE04EC0-301F-11D3-BF4B-00C04F79EFBC}") = "BowlingTests", "BowlingTests\BowlingTests.csproj", "{6D81D74A-A0BE-4C46-A783-FBBA489CAB5A}"
EndProject
Global
	GlobalSection(SolutionConfigurationPlatforms) = preSolution
		Debug|Any CPU = Debug|Any CPU
		Release|Any CPU = Release|Any CPU
	EndGlobalSection
	GlobalSection(ProjectConfigurationPlatforms) = postSolution
		{7318B942-0DF9-4697-AACA-C438859B2E8E}.Debug|Any CPU.ActiveCfg = Debug|Any CPU
		{7318B942-0DF9-4697-AACA-C438859B2E8E}.Debug|Any CPU.Build.0 = Debug|Any CPU
		{7318B942-0DF9-4697-AACA-C438859B2E8E}.Release|Any CPU.ActiveCfg = Release|Any CPU
		{7318B942-0DF9-4697-AACA-C438859B2E8E}.Release|Any CPU.Build.0 = Release|Any CPU
		{6D81D74A-A0BE-4C46-A783-FBBA489CAB5A}.Debug|Any CPU.ActiveCfg = Debug|Any CPU
		{6D81D74A-A0BE-4C46-A783-FBBA489CAB5A}.Debug|Any CPU.Build.0 = Debug|Any CPU
		{6D81D74A-A0BE-4C46-A783-FBBA489CAB5A}.Release|Any CPU.ActiveCfg = Release|Any CPU
		{6D81D74A-A0BE-4C46-A783-FBBA489CAB5A}.Release|Any CPU.Build.0 = Release|Any CPU
	EndGlobalSection
	GlobalSection(SolutionProperties) = preSolution
		HideSolutionNode = FALSE
	EndGlobalSection
	GlobalSection(ExtensibilityGlobals) = postSolution
		SolutionGuid = {FF9088C5-7899-4DA1-948D-49E28361D4C0}
	EndGlobalSection
EndGlobal
